
Microsoft Visual Studio Solution File, Format Version 12.00
# Visual Studio Version 17
VisualStudioVersion = 17.14.36221.1 d17.14
MinimumVisualStudioVersion = 10.0.40219.1
Project("{FAE04EC0-301F-11D3-BF4B-00C04F79EFBC}") = "AdminTemplate", "AdminTemplate\AdminTemplate.csproj", "{C13F80DA-E46B-488A-B0CB-2C92AD1FB33A}"
EndProject
Global
	GlobalSection(SolutionConfigurationPlatforms) = preSolution
		Debug|Any CPU = Debug|Any CPU
		Release|Any CPU = Release|Any CPU
	EndGlobalSection
	GlobalSection(ProjectConfigurationPlatforms) = postSolution
		{C13F80DA-E46B-488A-B0CB-2C92AD1FB33A}.Debug|Any CPU.ActiveCfg = Debug|Any CPU
		{C13F80DA-E46B-488A-B0CB-2C92AD1FB33A}.Debug|Any CPU.Build.0 = Debug|Any CPU
		{C13F80DA-E46B-488A-B0CB-2C92AD1FB33A}.Release|Any CPU.ActiveCfg = Release|Any CPU
		{C13F80DA-E46B-488A-B0CB-2C92AD1FB33A}.Release|Any CPU.Build.0 = Release|Any CPU
	EndGlobalSection
	GlobalSection(SolutionProperties) = preSolution
		HideSolutionNode = FALSE
	EndGlobalSection
	GlobalSection(ExtensibilityGlobals) = postSolution
		SolutionGuid = {50C5BBE3-D121-486B-A46C-A407B25AA6CC}
	EndGlobalSection
EndGlobal
